
Microsoft Visual Studio Solution File, Format Version 12.00
# Visual Studio Version 16
VisualStudioVersion = 16.0.30320.27
MinimumVisualStudioVersion = 10.0.40219.1
Project("{FAE04EC0-301F-11D3-BF4B-00C04F79EFBC}") = "SqlDataCompare", "SqlDataCompare\SqlDataCompare.csproj", "{408E23C7-645D-4B6E-B448-DB609A6F4A9F}"
EndProject
Project("{FAE04EC0-301F-11D3-BF4B-00C04F79EFBC}") = "SqlDataCompare.Core", "SqlDataCompare.Core\SqlDataCompare.Core.csproj", "{A9729FDC-8229-4F2B-A927-C8CE8946C1CD}"
EndProject
Global
	GlobalSection(SolutionConfigurationPlatforms) = preSolution
		Debug|Any CPU = Debug|Any CPU
		Release|Any CPU = Release|Any CPU
	EndGlobalSection
	GlobalSection(ProjectConfigurationPlatforms) = postSolution
		{408E23C7-645D-4B6E-B448-DB609A6F4A9F}.Debug|Any CPU.ActiveCfg = Debug|Any CPU
		{408E23C7-645D-4B6E-B448-DB609A6F4A9F}.Debug|Any CPU.Build.0 = Debug|Any CPU
		{408E23C7-645D-4B6E-B448-DB609A6F4A9F}.Release|Any CPU.ActiveCfg = Release|Any CPU
		{408E23C7-645D-4B6E-B448-DB609A6F4A9F}.Release|Any CPU.Build.0 = Release|Any CPU
		{A9729FDC-8229-4F2B-A927-C8CE8946C1CD}.Debug|Any CPU.ActiveCfg = Debug|Any CPU
		{A9729FDC-8229-4F2B-A927-C8CE8946C1CD}.Debug|Any CPU.Build.0 = Debug|Any CPU
		{A9729FDC-8229-4F2B-A927-C8CE8946C1CD}.Release|Any CPU.ActiveCfg = Release|Any CPU
		{A9729FDC-8229-4F2B-A927-C8CE8946C1CD}.Release|Any CPU.Build.0 = Release|Any CPU
	EndGlobalSection
	GlobalSection(SolutionProperties) = preSolution
		HideSolutionNode = FALSE
	EndGlobalSection
	GlobalSection(ExtensibilityGlobals) = postSolution
		SolutionGuid = {2B9543B8-BBE5-44C3-B18F-50047A655366}
	EndGlobalSection
EndGlobal
