
Microsoft Visual Studio Solution File, Format Version 12.00
# Visual Studio Version 16
VisualStudioVersion = 16.0.30320.27
MinimumVisualStudioVersion = 10.0.40219.1
Project("{9A19103F-16F7-4668-BE54-9A1E7A4F7556}") = "SqlDataCompare.Web", "src\SqlDataCompare.Web\SqlDataCompare.Web.csproj", "{408E23C7-645D-4B6E-B448-DB609A6F4A9F}"
EndProject
Project("{9A19103F-16F7-4668-BE54-9A1E7A4F7556}") = "SqlDataCompare.Core", "src\SqlDataCompare.Core\SqlDataCompare.Core.csproj", "{A9729FDC-8229-4F2B-A927-C8CE8946C1CD}"
EndProject
Project("{FAE04EC0-301F-11D3-BF4B-00C04F79EFBC}") = "SqlDataCompare.UnitTests", "tests\SqlDataCompare.UnitTests\SqlDataCompare.UnitTests.csproj", "{ABA2DB34-1C50-4A21-9AA3-1D97555D8975}"
EndProject
Project("{2150E333-8FDC-42A3-9474-1A3956D46DE8}") = "Solution Items", "Solution Items", "{B7F64D52-18C6-4A23-A03E-86CAE309D9F6}"
	ProjectSection(SolutionItems) = preProject
		.editorconfig = .editorconfig
		FxCopGlobalRuleSuppression.cs = FxCopGlobalRuleSuppression.cs
		stylecop.json = stylecop.json
		StyleCopGlobalRuleSuppression.cs = StyleCopGlobalRuleSuppression.cs
	EndProjectSection
EndProject
Project("{2150E333-8FDC-42A3-9474-1A3956D46DE8}") = "src", "src", "{951BD32A-8E13-4B8A-92FA-185D7A506D92}"
EndProject
Project("{2150E333-8FDC-42A3-9474-1A3956D46DE8}") = "tests", "tests", "{C0AFC5D6-EC9C-4F99-B5FB-78D78F60E2A9}"
EndProject
Global
	GlobalSection(SolutionConfigurationPlatforms) = preSolution
		Debug|Any CPU = Debug|Any CPU
		Release|Any CPU = Release|Any CPU
	EndGlobalSection
	GlobalSection(ProjectConfigurationPlatforms) = postSolution
		{408E23C7-645D-4B6E-B448-DB609A6F4A9F}.Debug|Any CPU.ActiveCfg = Debug|Any CPU
		{408E23C7-645D-4B6E-B448-DB609A6F4A9F}.Debug|Any CPU.Build.0 = Debug|Any CPU
		{408E23C7-645D-4B6E-B448-DB609A6F4A9F}.Release|Any CPU.ActiveCfg = Release|Any CPU
		{408E23C7-645D-4B6E-B448-DB609A6F4A9F}.Release|Any CPU.Build.0 = Release|Any CPU
		{A9729FDC-8229-4F2B-A927-C8CE8946C1CD}.Debug|Any CPU.ActiveCfg = Debug|Any CPU
		{A9729FDC-8229-4F2B-A927-C8CE8946C1CD}.Debug|Any CPU.Build.0 = Debug|Any CPU
		{A9729FDC-8229-4F2B-A927-C8CE8946C1CD}.Release|Any CPU.ActiveCfg = Release|Any CPU
		{A9729FDC-8229-4F2B-A927-C8CE8946C1CD}.Release|Any CPU.Build.0 = Release|Any CPU
		{ABA2DB34-1C50-4A21-9AA3-1D97555D8975}.Debug|Any CPU.ActiveCfg = Debug|Any CPU
		{ABA2DB34-1C50-4A21-9AA3-1D97555D8975}.Debug|Any CPU.Build.0 = Debug|Any CPU
		{ABA2DB34-1C50-4A21-9AA3-1D97555D8975}.Release|Any CPU.ActiveCfg = Release|Any CPU
		{ABA2DB34-1C50-4A21-9AA3-1D97555D8975}.Release|Any CPU.Build.0 = Release|Any CPU
	EndGlobalSection
	GlobalSection(SolutionProperties) = preSolution
		HideSolutionNode = FALSE
	EndGlobalSection
	GlobalSection(NestedProjects) = preSolution
		{408E23C7-645D-4B6E-B448-DB609A6F4A9F} = {951BD32A-8E13-4B8A-92FA-185D7A506D92}
		{A9729FDC-8229-4F2B-A927-C8CE8946C1CD} = {951BD32A-8E13-4B8A-92FA-185D7A506D92}
		{ABA2DB34-1C50-4A21-9AA3-1D97555D8975} = {C0AFC5D6-EC9C-4F99-B5FB-78D78F60E2A9}
	EndGlobalSection
	GlobalSection(ExtensibilityGlobals) = postSolution
		SolutionGuid = {2B9543B8-BBE5-44C3-B18F-50047A655366}
	EndGlobalSection
EndGlobal
